Microsoft Visual Studio Solution File, Format Version 12.00
# Visual Studio 2012
Project("{FAE04EC0-301F-11D3-BF4B-00C04F79EFBC}") = "BearsOnATVs", "BearsOnATVs.csproj", "{ABD7E83B-2C74-4EE5-AEE6-A13837EFEBCC}"
EndProject
Global
	GlobalSection(SolutionConfigurationPlatforms) = preSolution
	Debug|Any CPU = Debug|Any CPU
	ExportDebug|Any CPU = ExportDebug|Any CPU
	ExportRelease|Any CPU = ExportRelease|Any CPU
	EndGlobalSection
	GlobalSection(ProjectConfigurationPlatforms) = postSolution
		{ABD7E83B-2C74-4EE5-AEE6-A13837EFEBCC}.Debug|Any CPU.ActiveCfg = Debug|Any CPU
		{ABD7E83B-2C74-4EE5-AEE6-A13837EFEBCC}.Debug|Any CPU.Build.0 = Debug|Any CPU
		{ABD7E83B-2C74-4EE5-AEE6-A13837EFEBCC}.ExportDebug|Any CPU.ActiveCfg = ExportDebug|Any CPU
		{ABD7E83B-2C74-4EE5-AEE6-A13837EFEBCC}.ExportDebug|Any CPU.Build.0 = ExportDebug|Any CPU
		{ABD7E83B-2C74-4EE5-AEE6-A13837EFEBCC}.ExportRelease|Any CPU.ActiveCfg = ExportRelease|Any CPU
		{ABD7E83B-2C74-4EE5-AEE6-A13837EFEBCC}.ExportRelease|Any CPU.Build.0 = ExportRelease|Any CPU
	EndGlobalSection
EndGlobal
